
Microsoft Visual Studio Solution File, Format Version 12.00
# Visual Studio 15
Project("{FAE04EC0-301F-11D3-BF4B-00C04F79EFBC}") = "Assembly-CSharp", "Assembly-CSharp.csproj", "{97ADCB66-2A36-9189-B54A-C81FFACA8442}"
EndProject
Project("{FAE04EC0-301F-11D3-BF4B-00C04F79EFBC}") = "Assembly-CSharp-Editor", "Assembly-CSharp-Editor.csproj", "{0121EA13-0544-99B8-7F09-9E18DBCADB14}"
EndProject
Global
	GlobalSection(SolutionConfigurationPlatforms) = preSolution
		Debug|Any CPU = Debug|Any CPU
		Release|Any CPU = Release|Any CPU
	EndGlobalSection
	GlobalSection(ProjectConfigurationPlatforms) = postSolution
		{97ADCB66-2A36-9189-B54A-C81FFACA8442}.Debug|Any CPU.ActiveCfg = Debug|Any CPU
		{97ADCB66-2A36-9189-B54A-C81FFACA8442}.Debug|Any CPU.Build.0 = Debug|Any CPU
		{97ADCB66-2A36-9189-B54A-C81FFACA8442}.Release|Any CPU.ActiveCfg = Release|Any CPU
		{97ADCB66-2A36-9189-B54A-C81FFACA8442}.Release|Any CPU.Build.0 = Release|Any CPU
		{0121EA13-0544-99B8-7F09-9E18DBCADB14}.Debug|Any CPU.ActiveCfg = Debug|Any CPU
		{0121EA13-0544-99B8-7F09-9E18DBCADB14}.Debug|Any CPU.Build.0 = Debug|Any CPU
		{0121EA13-0544-99B8-7F09-9E18DBCADB14}.Release|Any CPU.ActiveCfg = Release|Any CPU
		{0121EA13-0544-99B8-7F09-9E18DBCADB14}.Release|Any CPU.Build.0 = Release|Any CPU
	EndGlobalSection
	GlobalSection(SolutionProperties) = preSolution
		HideSolutionNode = FALSE
	EndGlobalSection
EndGlobal
